Microsoft Visual Studio Solution File, Format Version 12.00
# Visual Studio 2012
Project("{FAE04EC0-301F-11D3-BF4B-00C04F79EFBC}") = "Riverside.Panhandler", "Riverside.Panhandler.csproj", "{1ED4DFF2-17B3-4018-A4CE-91A6E7663522}"
EndProject
Global
	GlobalSection(SolutionConfigurationPlatforms) = preSolution
	Debug|Any CPU = Debug|Any CPU
	ExportDebug|Any CPU = ExportDebug|Any CPU
	ExportRelease|Any CPU = ExportRelease|Any CPU
	EndGlobalSection
	GlobalSection(ProjectConfigurationPlatforms) = postSolution
		{1ED4DFF2-17B3-4018-A4CE-91A6E7663522}.Debug|Any CPU.ActiveCfg = Debug|Any CPU
		{1ED4DFF2-17B3-4018-A4CE-91A6E7663522}.Debug|Any CPU.Build.0 = Debug|Any CPU
		{1ED4DFF2-17B3-4018-A4CE-91A6E7663522}.ExportDebug|Any CPU.ActiveCfg = ExportDebug|Any CPU
		{1ED4DFF2-17B3-4018-A4CE-91A6E7663522}.ExportDebug|Any CPU.Build.0 = ExportDebug|Any CPU
		{1ED4DFF2-17B3-4018-A4CE-91A6E7663522}.ExportRelease|Any CPU.ActiveCfg = ExportRelease|Any CPU
		{1ED4DFF2-17B3-4018-A4CE-91A6E7663522}.ExportRelease|Any CPU.Build.0 = ExportRelease|Any CPU
	EndGlobalSection
EndGlobal
